
Microsoft Visual Studio Solution File, Format Version 12.00
# Visual Studio Version 16
VisualStudioVersion = 16.0.31613.86
MinimumVisualStudioVersion = 10.0.40219.1
Project("{FAE04EC0-301F-11D3-BF4B-00C04F79EFBC}") = "AdventureGame_UI", "AdventureGame\AdventureGame_UI.csproj", "{FDBA247B-E157-483C-9232-12382CABB87C}"
EndProject
Project("{FAE04EC0-301F-11D3-BF4B-00C04F79EFBC}") = "Adventure_Repo", "Adventure_Repo\Adventure_Repo.csproj", "{0B29E611-0F27-48AC-A951-FAD2B4C73682}"
EndProject
Global
	GlobalSection(SolutionConfigurationPlatforms) = preSolution
		Debug|Any CPU = Debug|Any CPU
		Release|Any CPU = Release|Any CPU
	EndGlobalSection
	GlobalSection(ProjectConfigurationPlatforms) = postSolution
		{FDBA247B-E157-483C-9232-12382CABB87C}.Debug|Any CPU.ActiveCfg = Debug|Any CPU
		{FDBA247B-E157-483C-9232-12382CABB87C}.Debug|Any CPU.Build.0 = Debug|Any CPU
		{FDBA247B-E157-483C-9232-12382CABB87C}.Release|Any CPU.ActiveCfg = Release|Any CPU
		{FDBA247B-E157-483C-9232-12382CABB87C}.Release|Any CPU.Build.0 = Release|Any CPU
		{0B29E611-0F27-48AC-A951-FAD2B4C73682}.Debug|Any CPU.ActiveCfg = Debug|Any CPU
		{0B29E611-0F27-48AC-A951-FAD2B4C73682}.Debug|Any CPU.Build.0 = Debug|Any CPU
		{0B29E611-0F27-48AC-A951-FAD2B4C73682}.Release|Any CPU.ActiveCfg = Release|Any CPU
		{0B29E611-0F27-48AC-A951-FAD2B4C73682}.Release|Any CPU.Build.0 = Release|Any CPU
	EndGlobalSection
	GlobalSection(SolutionProperties) = preSolution
		HideSolutionNode = FALSE
	EndGlobalSection
	GlobalSection(ExtensibilityGlobals) = postSolution
		SolutionGuid = {37C58429-64BD-4B8F-B0D9-5115C34F9792}
	EndGlobalSection
EndGlobal
